// !$*UTF8*$!
{
	archiveVersion = 1;
	classes = {
	};
	objectVersion = 55;
	objects = {

/* Begin PBXBuildFile section */
		0F07B18628694B6B00A15E94 /* MondayAt12.swift in Sources */ = {isa = PBXBuildFile; fileRef = 0F07B18528694B6B00A15E94 /* MondayAt12.swift */; };
		0F07B189286DAE0900A15E94 /* Summary.swift in Sources */ = {isa = PBXBuildFile; fileRef = 0F07B188286DAE0900A15E94 /* Summary.swift */; };
		0F0F7EE0286781BD0052EF85 /* HealthKitTest WatchKit App.app in Embed Watch Content */ = {isa = PBXBuildFile; fileRef = 0F0F7EDF286781BD0052EF85 /* HealthKitTest WatchKit App.app */; settings = {ATTRIBUTES = (RemoveHeadersOnCopy, ); }; };
		0F0F7EE5286781BF0052EF85 /* Assets.xcassets in Resources */ = {isa = PBXBuildFile; fileRef = 0F0F7EE4286781BF0052EF85 /* Assets.xcassets */; };
		0F0F7EEB286781BF0052EF85 /* HealthKitTest WatchKit Extension.appex in Embed App Extensions */ = {isa = PBXBuildFile; fileRef = 0F0F7EEA286781BF0052EF85 /* HealthKitTest WatchKit Extension.appex */; settings = {ATTRIBUTES = (RemoveHeadersOnCopy, ); }; };
		0F0F7EF0286781BF0052EF85 /* ContentView.swift in Sources */ = {isa = PBXBuildFile; fileRef = 0F0F7EEF286781BF0052EF85 /* ContentView.swift */; };
		0F0F7EF2286781BF0052EF85 /* HealthKitTestApp.swift in Sources */ = {isa = PBXBuildFile; fileRef = 0F0F7EF1286781BF0052EF85 /* HealthKitTestApp.swift */; };
		0F0F7EF4286781BF0052EF85 /* ComplicationController.swift in Sources */ = {isa = PBXBuildFile; fileRef = 0F0F7EF3286781BF0052EF85 /* ComplicationController.swift */; };
		0F0F7EF6286781C10052EF85 /* Assets.xcassets in Resources */ = {isa = PBXBuildFile; fileRef = 0F0F7EF5286781C10052EF85 /* Assets.xcassets */; };
		0F0F7EF9286781C10052EF85 /* Preview Assets.xcassets in Resources */ = {isa = PBXBuildFile; fileRef = 0F0F7EF8286781C10052EF85 /* Preview Assets.xcassets */; };
		0F0F7F09286781FB0052EF85 /* HealthKitQuery.swift in Sources */ = {isa = PBXBuildFile; fileRef = 0F0F7F08286781FB0052EF85 /* HealthKitQuery.swift */; };
		0F0F7F0D286788C70052EF85 /* HealthKit.framework in Frameworks */ = {isa = PBXBuildFile; fileRef = 0F0F7F0C286788C70052EF85 /* HealthKit.framework */; };
		0F9D6E3D28961E1600032A60 /* ContentView-ViewModel.swift in Sources */ = {isa = PBXBuildFile; fileRef = 0F9D6E3C28961E1600032A60 /* ContentView-ViewModel.swift */; };
/* End PBXBuildFile section */

/* Begin PBXContainerItemProxy section */
		0F0F7EE1286781BD0052EF85 /* PBXContainerItemProxy */ = {
			isa = PBXContainerItemProxy;
			containerPortal = 0F0F7ED5286781BC0052EF85 /* Project object */;
			proxyType = 1;
			remoteGlobalIDString = 0F0F7EDE286781BD0052EF85;
			remoteInfo = "HealthKitTest WatchKit App";
		};
		0F0F7EEC286781BF0052EF85 /* PBXContainerItemProxy */ = {
			isa = PBXContainerItemProxy;
			containerPortal = 0F0F7ED5286781BC0052EF85 /* Project object */;
			proxyType = 1;
			remoteGlobalIDString = 0F0F7EE9286781BF0052EF85;
			remoteInfo = "HealthKitTest WatchKit Extension";
		};
/* End PBXContainerItemProxy section */

/* Begin PBXCopyFilesBuildPhase section */
		0F0F7F00286781C10052EF85 /* Embed App Extensions */ = {
			isa = PBXCopyFilesBuildPhase;
			buildActionMask = 2147483647;
			dstPath = "";
			dstSubfolderSpec = 13;
			files = (
				0F0F7EEB286781BF0052EF85 /* HealthKitTest WatchKit Extension.appex in Embed App Extensions */,
			);
			name = "Embed App Extensions";
			runOnlyForDeploymentPostprocessing = 0;
		};
		0F0F7F04286781C10052EF85 /* Embed Watch Content */ = {
			isa = PBXCopyFilesBuildPhase;
			buildActionMask = 2147483647;
			dstPath = "$(CONTENTS_FOLDER_PATH)/Watch";
			dstSubfolderSpec = 16;
			files = (
				0F0F7EE0286781BD0052EF85 /* HealthKitTest WatchKit App.app in Embed Watch Content */,
			);
			name = "Embed Watch Content";
			runOnlyForDeploymentPostprocessing = 0;
		};
/* End PBXCopyFilesBuildPhase section */

/* Begin PBXFileReference section */
		0F07B18528694B6B00A15E94 /* MondayAt12.swift */ = {isa = PBXFileReference; lastKnownFileType = sourcecode.swift; path = MondayAt12.swift; sourceTree = "<group>"; };
		0F07B188286DAE0900A15E94 /* Summary.swift */ = {isa = PBXFileReference; lastKnownFileType = sourcecode.swift; path = Summary.swift; sourceTree = "<group>"; };
		0F0F7EDB286781BC0052EF85 /* HealthKitTest.app */ = {isa = PBXFileReference; explicitFileType = wrapper.application; includeInIndex = 0; path = HealthKitTest.app; sourceTree = BUILT_PRODUCTS_DIR; };
		0F0F7EDF286781BD0052EF85 /* HealthKitTest WatchKit App.app */ = {isa = PBXFileReference; explicitFileType = wrapper.application; includeInIndex = 0; path = "HealthKitTest WatchKit App.app"; sourceTree = BUILT_PRODUCTS_DIR; };
		0F0F7EE4286781BF0052EF85 /* Assets.xcassets */ = {isa = PBXFileReference; lastKnownFileType = folder.assetcatalog; path = Assets.xcassets; sourceTree = "<group>"; };
		0F0F7EEA286781BF0052EF85 /* HealthKitTest WatchKit Extension.appex */ = {isa = PBXFileReference; explicitFileType = "wrapper.app-extension"; includeInIndex = 0; path = "HealthKitTest WatchKit Extension.appex"; sourceTree = BUILT_PRODUCTS_DIR; };
		0F0F7EEF286781BF0052EF85 /* ContentView.swift */ = {isa = PBXFileReference; lastKnownFileType = sourcecode.swift; path = ContentView.swift; sourceTree = "<group>"; };
		0F0F7EF1286781BF0052EF85 /* HealthKitTestApp.swift */ = {isa = PBXFileReference; lastKnownFileType = sourcecode.swift; path = HealthKitTestApp.swift; sourceTree = "<group>"; };
		0F0F7EF3286781BF0052EF85 /* ComplicationController.swift */ = {isa = PBXFileReference; lastKnownFileType = sourcecode.swift; path = ComplicationController.swift; sourceTree = "<group>"; };
		0F0F7EF5286781C10052EF85 /* Assets.xcassets */ = {isa = PBXFileReference; lastKnownFileType = folder.assetcatalog; path = Assets.xcassets; sourceTree = "<group>"; };
		0F0F7EF8286781C10052EF85 /* Preview Assets.xcassets */ = {isa = PBXFileReference; lastKnownFileType = folder.assetcatalog; path = "Preview Assets.xcassets"; sourceTree = "<group>"; };
		0F0F7EFA286781C10052EF85 /* Info.plist */ = {isa = PBXFileReference; lastKnownFileType = text.plist.xml; path = Info.plist; sourceTree = "<group>"; };
		0F0F7F08286781FB0052EF85 /* HealthKitQuery.swift */ = {isa = PBXFileReference; lastKnownFileType = sourcecode.swift; path = HealthKitQuery.swift; sourceTree = "<group>"; };
		0F0F7F0A286788C70052EF85 /* HealthKitTest WatchKit Extension.entitlements */ = {isa = PBXFileReference; lastKnownFileType = text.plist.entitlements; path = "HealthKitTest WatchKit Extension.entitlements"; sourceTree = "<group>"; };
		0F0F7F0C286788C70052EF85 /* HealthKit.framework */ = {isa = PBXFileReference; lastKnownFileType = wrapper.framework; name = HealthKit.framework; path = Platforms/WatchOS.platform/Developer/SDKs/WatchOS8.5.sdk/System/Library/Frameworks/HealthKit.framework; sourceTree = DEVELOPER_DIR; };
		0F9D6E3C28961E1600032A60 /* ContentView-ViewModel.swift */ = {isa = PBXFileReference; lastKnownFileType = sourcecode.swift; path = "ContentView-ViewModel.swift"; sourceTree = "<group>"; };
/* End PBXFileReference section */

/* Begin PBXFrameworksBuildPhase section */
		0F0F7EE7286781BF0052EF85 /* Frameworks */ = {
			isa = PBXFrameworksBuildPhase;
			buildActionMask = 2147483647;
			files = (
				0F0F7F0D286788C70052EF85 /* HealthKit.framework in Frameworks */,
			);
			runOnlyForDeploymentPostprocessing = 0;
		};
/* End PBXFrameworksBuildPhase section */

/* Begin PBXGroup section */
		0F07B18428694B4D00A15E94 /* Extensions */ = {
			isa = PBXGroup;
			children = (
				0F07B18528694B6B00A15E94 /* MondayAt12.swift */,
			);
			path = Extensions;
			sourceTree = "<group>";
		};
		0F07B187286DADF000A15E94 /* Models */ = {
			isa = PBXGroup;
			children = (
				0F07B188286DAE0900A15E94 /* Summary.swift */,
			);
			path = Models;
			sourceTree = "<group>";
		};
		0F0F7ED4286781BC0052EF85 = {
			isa = PBXGroup;
			children = (
				0F0F7EE3286781BD0052EF85 /* HealthKitTest WatchKit App */,
				0F0F7EEE286781BF0052EF85 /* HealthKitTest WatchKit Extension */,
				0F0F7EDC286781BC0052EF85 /* Products */,
				0F0F7F0B286788C70052EF85 /* Frameworks */,
			);
			sourceTree = "<group>";
		};
		0F0F7EDC286781BC0052EF85 /* Products */ = {
			isa = PBXGroup;
			children = (
				0F0F7EDB286781BC0052EF85 /* HealthKitTest.app */,
				0F0F7EDF286781BD0052EF85 /* HealthKitTest WatchKit App.app */,
				0F0F7EEA286781BF0052EF85 /* HealthKitTest WatchKit Extension.appex */,
			);
			name = Products;
			sourceTree = "<group>";
		};
		0F0F7EE3286781BD0052EF85 /* HealthKitTest WatchKit App */ = {
			isa = PBXGroup;
			children = (
				0F0F7EE4286781BF0052EF85 /* Assets.xcassets */,
			);
			path = "HealthKitTest WatchKit App";
			sourceTree = "<group>";
		};
		0F0F7EEE286781BF0052EF85 /* HealthKitTest WatchKit Extension */ = {
			isa = PBXGroup;
			children = (
				0F07B187286DADF000A15E94 /* Models */,
				0F07B18428694B4D00A15E94 /* Extensions */,
				0F0F7F0A286788C70052EF85 /* HealthKitTest WatchKit Extension.entitlements */,
				0F0F7EEF286781BF0052EF85 /* ContentView.swift */,
				0F9D6E3C28961E1600032A60 /* ContentView-ViewModel.swift */,
				0F0F7F08286781FB0052EF85 /* HealthKitQuery.swift */,
				0F0F7EF1286781BF0052EF85 /* HealthKitTestApp.swift */,
				0F0F7EF3286781BF0052EF85 /* ComplicationController.swift */,
				0F0F7EF5286781C10052EF85 /* Assets.xcassets */,
				0F0F7EFA286781C10052EF85 /* Info.plist */,
				0F0F7EF7286781C10052EF85 /* Preview Content */,
			);
			path = "HealthKitTest WatchKit Extension";
			sourceTree = "<group>";
		};
		0F0F7EF7286781C10052EF85 /* Preview Content */ = {
			isa = PBXGroup;
			children = (
				0F0F7EF8286781C10052EF85 /* Preview Assets.xcassets */,
			);
			path = "Preview Content";
			sourceTree = "<group>";
		};
		0F0F7F0B286788C70052EF85 /* Frameworks */ = {
			isa = PBXGroup;
			children = (
				0F0F7F0C286788C70052EF85 /* HealthKit.framework */,
			);
			name = Frameworks;
			sourceTree = "<group>";
		};
/* End PBXGroup section */

/* Begin PBXNativeTarget section */
		0F0F7EDA286781BC0052EF85 /* HealthKitTest */ = {
			isa = PBXNativeTarget;
			buildConfigurationList = 0F0F7F05286781C10052EF85 /* Build configuration list for PBXNativeTarget "HealthKitTest" */;
			buildPhases = (
				0F0F7ED9286781BC0052EF85 /* Resources */,
				0F0F7F04286781C10052EF85 /* Embed Watch Content */,
			);
			buildRules = (
			);
			dependencies = (
				0F0F7EE2286781BD0052EF85 /* PBXTargetDependency */,
			);
			name = HealthKitTest;
			productName = HealthKitTest;
			productReference = 0F0F7EDB286781BC0052EF85 /* HealthKitTest.app */;
			productType = "com.apple.product-type.application.watchapp2-container";
		};
		0F0F7EDE286781BD0052EF85 /* HealthKitTest WatchKit App */ = {
			isa = PBXNativeTarget;
			buildConfigurationList = 0F0F7F01286781C10052EF85 /* Build configuration list for PBXNativeTarget "HealthKitTest WatchKit App" */;
			buildPhases = (
				0F0F7EDD286781BD0052EF85 /* Resources */,
				0F0F7F00286781C10052EF85 /* Embed App Extensions */,
			);
			buildRules = (
			);
			dependencies = (
				0F0F7EED286781BF0052EF85 /* PBXTargetDependency */,
			);
			name = "HealthKitTest WatchKit App";
			productName = "HealthKitTest WatchKit App";
			productReference = 0F0F7EDF286781BD0052EF85 /* HealthKitTest WatchKit App.app */;
			productType = "com.apple.product-type.application.watchapp2";
		};
		0F0F7EE9286781BF0052EF85 /* HealthKitTest WatchKit Extension */ = {
			isa = PBXNativeTarget;
			buildConfigurationList = 0F0F7EFD286781C10052EF85 /* Build configuration list for PBXNativeTarget "HealthKitTest WatchKit Extension" */;
			buildPhases = (
				0F0F7EE6286781BF0052EF85 /* Sources */,
				0F0F7EE7286781BF0052EF85 /* Frameworks */,
				0F0F7EE8286781BF0052EF85 /* Resources */,
			);
			buildRules = (
			);
			dependencies = (
			);
			name = "HealthKitTest WatchKit Extension";
			productName = "HealthKitTest WatchKit Extension";
			productReference = 0F0F7EEA286781BF0052EF85 /* HealthKitTest WatchKit Extension.appex */;
			productType = "com.apple.product-type.watchkit2-extension";
		};
/* End PBXNativeTarget section */

/* Begin PBXProject section */
		0F0F7ED5286781BC0052EF85 /* Project object */ = {
			isa = PBXProject;
			attributes = {
				BuildIndependentTargetsInParallel = 1;
				LastSwiftUpdateCheck = 1330;
				LastUpgradeCheck = 1330;
				TargetAttributes = {
					0F0F7EDA286781BC0052EF85 = {
						CreatedOnToolsVersion = 13.3;
					};
					0F0F7EDE286781BD0052EF85 = {
						CreatedOnToolsVersion = 13.3;
					};
					0F0F7EE9286781BF0052EF85 = {
						CreatedOnToolsVersion = 13.3;
					};
				};
			};
			buildConfigurationList = 0F0F7ED8286781BC0052EF85 /* Build configuration list for PBXProject "HealthKitTest" */;
			compatibilityVersion = "Xcode 13.0";
			developmentRegion = en;
			hasScannedForEncodings = 0;
			knownRegions = (
				en,
				Base,
			);
			mainGroup = 0F0F7ED4286781BC0052EF85;
			productRefGroup = 0F0F7EDC286781BC0052EF85 /* Products */;
			projectDirPath = "";
			projectRoot = "";
			targets = (
				0F0F7EDA286781BC0052EF85 /* HealthKitTest */,
				0F0F7EDE286781BD0052EF85 /* HealthKitTest WatchKit App */,
				0F0F7EE9286781BF0052EF85 /* HealthKitTest WatchKit Extension */,
			);
		};
/* End PBXProject section */

/* Begin PBXResourcesBuildPhase section */
		0F0F7ED9286781BC0052EF85 /* Resources */ = {
			isa = PBXResourcesBuildPhase;
			buildActionMask = 2147483647;
			files = (
			);
			runOnlyForDeploymentPostprocessing = 0;
		};
		0F0F7EDD286781BD0052EF85 /* Resources */ = {
			isa = PBXResourcesBuildPhase;
			buildActionMask = 2147483647;
			files = (
				0F0F7EE5286781BF0052EF85 /* Assets.xcassets in Resources */,
			);
			runOnlyForDeploymentPostprocessing = 0;
		};
		0F0F7EE8286781BF0052EF85 /* Resources */ = {
			isa = PBXResourcesBuildPhase;
			buildActionMask = 2147483647;
			files = (
				0F0F7EF9286781C10052EF85 /* Preview Assets.xcassets in Resources */,
				0F0F7EF6286781C10052EF85 /* Assets.xcassets in Resources */,
			);
			runOnlyForDeploymentPostprocessing = 0;
		};
/* End PBXResourcesBuildPhase section */

/* Begin PBXSourcesBuildPhase section */
		0F0F7EE6286781BF0052EF85 /* Sources */ = {
			isa = PBXSourcesBuildPhase;
			buildActionMask = 2147483647;
			files = (
				0F07B18628694B6B00A15E94 /* MondayAt12.swift in Sources */,
				0F0F7EF2286781BF0052EF85 /* HealthKitTestApp.swift in Sources */,
				0F0F7EF0286781BF0052EF85 /* ContentView.swift in Sources */,
				0F0F7EF4286781BF0052EF85 /* ComplicationController.swift in Sources */,
				0F9D6E3D28961E1600032A60 /* ContentView-ViewModel.swift in Sources */,
				0F07B189286DAE0900A15E94 /* Summary.swift in Sources */,
				0F0F7F09286781FB0052EF85 /* HealthKitQuery.swift in Sources */,
			);
			runOnlyForDeploymentPostprocessing = 0;
		};
/* End PBXSourcesBuildPhase section */

/* Begin PBXTargetDependency section */
		0F0F7EE2286781BD0052EF85 /* PBXTargetDependency */ = {
			isa = PBXTargetDependency;
			target = 0F0F7EDE286781BD0052EF85 /* HealthKitTest WatchKit App */;
			targetProxy = 0F0F7EE1286781BD0052EF85 /* PBXContainerItemProxy */;
		};
		0F0F7EED286781BF0052EF85 /* PBXTargetDependency */ = {
			isa = PBXTargetDependency;
			target = 0F0F7EE9286781BF0052EF85 /* HealthKitTest WatchKit Extension */;
			targetProxy = 0F0F7EEC286781BF0052EF85 /* PBXContainerItemProxy */;
		};
/* End PBXTargetDependency section */

/* Begin XCBuildConfiguration section */
		0F0F7EFB286781C10052EF85 /* Debug */ = {
			isa = XCBuildConfiguration;
			buildSettings = {
				ALWAYS_SEARCH_USER_PATHS = NO;
				CLANG_ANALYZER_NONNULL = YES;
				CLANG_ANALYZER_NUMBER_OBJECT_CONVERSION = YES_AGGRESSIVE;
				CLANG_CXX_LANGUAGE_STANDARD = "gnu++17";
				CLANG_ENABLE_MODULES = YES;
				CLANG_ENABLE_OBJC_ARC = YES;
				CLANG_ENABLE_OBJC_WEAK = YES;
				CLANG_WARN_BLOCK_CAPTURE_AUTORELEASING = YES;
				CLANG_WARN_BOOL_CONVERSION = YES;
				CLANG_WARN_COMMA = YES;
				CLANG_WARN_CONSTANT_CONVERSION = YES;
				CLANG_WARN_DEPRECATED_OBJC_IMPLEMENTATIONS = YES;
				CLANG_WARN_DIRECT_OBJC_ISA_USAGE = YES_ERROR;
				CLANG_WARN_DOCUMENTATION_COMMENTS = YES;
				CLANG_WARN_EMPTY_BODY = YES;
				CLANG_WARN_ENUM_CONVERSION = YES;
				CLANG_WARN_INFINITE_RECURSION = YES;
				CLANG_WARN_INT_CONVERSION = YES;
				CLANG_WARN_NON_LITERAL_NULL_CONVERSION = YES;
				CLANG_WARN_OBJC_IMPLICIT_RETAIN_SELF = YES;
				CLANG_WARN_OBJC_LITERAL_CONVERSION = YES;
				CLANG_WARN_OBJC_ROOT_CLASS = YES_ERROR;
				CLANG_WARN_QUOTED_INCLUDE_IN_FRAMEWORK_HEADER = YES;
				CLANG_WARN_RANGE_LOOP_ANALYSIS = YES;
				CLANG_WARN_STRICT_PROTOTYPES = YES;
				CLANG_WARN_SUSPICIOUS_MOVE = YES;
				CLANG_WARN_UNGUARDED_AVAILABILITY = YES_AGGRESSIVE;
				CLANG_WARN_UNREACHABLE_CODE = YES;
				CLANG_WARN__DUPLICATE_METHOD_MATCH = YES;
				COPY_PHASE_STRIP = NO;
				DEBUG_INFORMATION_FORMAT = dwarf;
				ENABLE_STRICT_OBJC_MSGSEND = YES;
				ENABLE_TESTABILITY = YES;
				GCC_C_LANGUAGE_STANDARD = gnu11;
				GCC_DYNAMIC_NO_PIC = NO;
				GCC_NO_COMMON_BLOCKS = YES;
				GCC_OPTIMIZATION_LEVEL = 0;
				GCC_PREPROCESSOR_DEFINITIONS = (
					"DEBUG=1",
					"$(inherited)",
				);
				GCC_WARN_64_TO_32_BIT_CONVERSION = YES;
				GCC_WARN_ABOUT_RETURN_TYPE = YES_ERROR;
				GCC_WARN_UNDECLARED_SELECTOR = YES;
				GCC_WARN_UNINITIALIZED_AUTOS = YES_AGGRESSIVE;
				GCC_WARN_UNUSED_FUNCTION = YES;
				GCC_WARN_UNUSED_VARIABLE = YES;
				IPHONEOS_DEPLOYMENT_TARGET = 15.4;
				MTL_ENABLE_DEBUG_INFO = INCLUDE_SOURCE;
				MTL_FAST_MATH = YES;
				ONLY_ACTIVE_ARCH = YES;
				SDKROOT = iphoneos;
				SWIFT_ACTIVE_COMPILATION_CONDITIONS = DEBUG;
				SWIFT_OPTIMIZATION_LEVEL = "-Onone";
				WATCHOS_DEPLOYMENT_TARGET = 8.4;
			};
			name = Debug;
		};
		0F0F7EFC286781C10052EF85 /* Release */ = {
			isa = XCBuildConfiguration;
			buildSettings = {
				ALWAYS_SEARCH_USER_PATHS = NO;
				CLANG_ANALYZER_NONNULL = YES;
				CLANG_ANALYZER_NUMBER_OBJECT_CONVERSION = YES_AGGRESSIVE;
				CLANG_CXX_LANGUAGE_STANDARD = "gnu++17";
				CLANG_ENABLE_MODULES = YES;
				CLANG_ENABLE_OBJC_ARC = YES;
				CLANG_ENABLE_OBJC_WEAK = YES;
				CLANG_WARN_BLOCK_CAPTURE_AUTORELEASING = YES;
				CLANG_WARN_BOOL_CONVERSION = YES;
				CLANG_WARN_COMMA = YES;
				CLANG_WARN_CONSTANT_CONVERSION = YES;
				CLANG_WARN_DEPRECATED_OBJC_IMPLEMENTATIONS = YES;
				CLANG_WARN_DIRECT_OBJC_ISA_USAGE = YES_ERROR;
				CLANG_WARN_DOCUMENTATION_COMMENTS = YES;
				CLANG_WARN_EMPTY_BODY = YES;
				CLANG_WARN_ENUM_CONVERSION = YES;
				CLANG_WARN_INFINITE_RECURSION = YES;
				CLANG_WARN_INT_CONVERSION = YES;
				CLANG_WARN_NON_LITERAL_NULL_CONVERSION = YES;
				CLANG_WARN_OBJC_IMPLICIT_RETAIN_SELF = YES;
				CLANG_WARN_OBJC_LITERAL_CONVERSION = YES;
				CLANG_WARN_OBJC_ROOT_CLASS = YES_ERROR;
				CLANG_WARN_QUOTED_INCLUDE_IN_FRAMEWORK_HEADER = YES;
				CLANG_WARN_RANGE_LOOP_ANALYSIS = YES;
				CLANG_WARN_STRICT_PROTOTYPES = YES;
				CLANG_WARN_SUSPICIOUS_MOVE = YES;
				CLANG_WARN_UNGUARDED_AVAILABILITY = YES_AGGRESSIVE;
				CLANG_WARN_UNREACHABLE_CODE = YES;
				CLANG_WARN__DUPLICATE_METHOD_MATCH = YES;
				COPY_PHASE_STRIP = NO;
				DEBUG_INFORMATION_FORMAT = "dwarf-with-dsym";
				ENABLE_NS_ASSERTIONS = NO;
				ENABLE_STRICT_OBJC_MSGSEND = YES;
				GCC_C_LANGUAGE_STANDARD = gnu11;
				GCC_NO_COMMON_BLOCKS = YES;
				GCC_WARN_64_TO_32_BIT_CONVERSION = YES;
				GCC_WARN_ABOUT_RETURN_TYPE = YES_ERROR;
				GCC_WARN_UNDECLARED_SELECTOR = YES;
				GCC_WARN_UNINITIALIZED_AUTOS = YES_AGGRESSIVE;
				GCC_WARN_UNUSED_FUNCTION = YES;
				GCC_WARN_UNUSED_VARIABLE = YES;
				IPHONEOS_DEPLOYMENT_TARGET = 15.4;
				MTL_ENABLE_DEBUG_INFO = NO;
				MTL_FAST_MATH = YES;
				SDKROOT = iphoneos;
				SWIFT_COMPILATION_MODE = wholemodule;
				SWIFT_OPTIMIZATION_LEVEL = "-O";
				VALIDATE_PRODUCT = YES;
				WATCHOS_DEPLOYMENT_TARGET = 8.4;
			};
			name = Release;
		};
		0F0F7EFE286781C10052EF85 /* Debug */ = {
			isa = XCBuildConfiguration;
			buildSettings = {
				ASSETCATALOG_COMPILER_COMPLICATION_NAME = Complication;
				CODE_SIGN_ENTITLEMENTS = "HealthKitTest WatchKit Extension/HealthKitTest WatchKit Extension.entitlements";
				CODE_SIGN_STYLE = Automatic;
				CURRENT_PROJECT_VERSION = 1;
				DEVELOPMENT_ASSET_PATHS = "\"HealthKitTest WatchKit Extension/Preview Content\"";
				DEVELOPMENT_TEAM = 73X37M5BQV;
				ENABLE_PREVIEWS = YES;
				GENERATE_INFOPLIST_FILE = YES;
				INFOPLIST_FILE = "HealthKitTest WatchKit Extension/Info.plist";
				INFOPLIST_KEY_CFBundleDisplayName = "HealthKitTest WatchKit Extension";
				INFOPLIST_KEY_CLKComplicationPrincipalClass = "$(PRODUCT_MODULE_NAME).ComplicationController";
				INFOPLIST_KEY_NSHumanReadableCopyright = "";
				INFOPLIST_KEY_WKWatchOnly = YES;
				LD_RUNPATH_SEARCH_PATHS = (
					"$(inherited)",
					"@executable_path/Frameworks",
					"@executable_path/../../Frameworks",
				);
				MARKETING_VERSION = 1.0;
				PRODUCT_BUNDLE_IDENTIFIER = dev.travisbrigman.HealthKitTest.watchkitapp.watchkitextension;
				PRODUCT_NAME = "${TARGET_NAME}";
				SDKROOT = watchos;
				SKIP_INSTALL = YES;
				SWIFT_EMIT_LOC_STRINGS = YES;
				SWIFT_VERSION = 5.0;
				TARGETED_DEVICE_FAMILY = 4;
				WATCHOS_DEPLOYMENT_TARGET = 8.4;
			};
			name = Debug;
		};
		0F0F7EFF286781C10052EF85 /* Release */ = {
			isa = XCBuildConfiguration;
			buildSettings = {
				ASSETCATALOG_COMPILER_COMPLICATION_NAME = Complication;
				CODE_SIGN_ENTITLEMENTS = "HealthKitTest WatchKit Extension/HealthKitTest WatchKit Extension.entitlements";
				CODE_SIGN_STYLE = Automatic;
				CURRENT_PROJECT_VERSION = 1;
				DEVELOPMENT_ASSET_PATHS = "\"HealthKitTest WatchKit Extension/Preview Content\"";
				DEVELOPMENT_TEAM = 73X37M5BQV;
				ENABLE_PREVIEWS = YES;
				GENERATE_INFOPLIST_FILE = YES;
				INFOPLIST_FILE = "HealthKitTest WatchKit Extension/Info.plist";
				INFOPLIST_KEY_CFBundleDisplayName = "HealthKitTest WatchKit Extension";
				INFOPLIST_KEY_CLKComplicationPrincipalClass = "$(PRODUCT_MODULE_NAME).ComplicationController";
				INFOPLIST_KEY_NSHumanReadableCopyright = "";
				INFOPLIST_KEY_WKWatchOnly = YES;
				LD_RUNPATH_SEARCH_PATHS = (
					"$(inherited)",
					"@executable_path/Frameworks",
					"@executable_path/../../Frameworks",
				);
				MARKETING_VERSION = 1.0;
				PRODUCT_BUNDLE_IDENTIFIER = dev.travisbrigman.HealthKitTest.watchkitapp.watchkitextension;
				PRODUCT_NAME = "${TARGET_NAME}";
				SDKROOT = watchos;
				SKIP_INSTALL = YES;
				SWIFT_EMIT_LOC_STRINGS = YES;
				SWIFT_VERSION = 5.0;
				TARGETED_DEVICE_FAMILY = 4;
				WATCHOS_DEPLOYMENT_TARGET = 8.4;
			};
			name = Release;
		};
		0F0F7F02286781C10052EF85 /* Debug */ = {
			isa = XCBuildConfiguration;
			buildSettings = {
				ALWAYS_EMBED_SWIFT_STANDARD_LIBRARIES = YES;
				ASSETCATALOG_COMPILER_APPICON_NAME = AppIcon;
				ASSETCATALOG_COMPILER_GLOBAL_ACCENT_COLOR_NAME = AccentColor;
				CODE_SIGN_STYLE = Automatic;
				CURRENT_PROJECT_VERSION = 1;
				DEVELOPMENT_TEAM = 73X37M5BQV;
				GENERATE_INFOPLIST_FILE = YES;
				IBSC_MODULE = HealthKitTest_WatchKit_Extension;
				INFOPLIST_KEY_CFBundleDisplayName = "HealthKitTest WatchKit App";
				INFOPLIST_KEY_UISupportedInterfaceOrientations = "UIInterfaceOrientationPortrait UIInterfaceOrientationPortraitUpsideDown";
				MARKETING_VERSION = 1.0;
				PRODUCT_BUNDLE_IDENTIFIER = dev.travisbrigman.HealthKitTest.watchkitapp;
				PRODUCT_NAME = "$(TARGET_NAME)";
				SDKROOT = watchos;
				SKIP_INSTALL = YES;
				SWIFT_EMIT_LOC_STRINGS = YES;
				SWIFT_VERSION = 5.0;
				TARGETED_DEVICE_FAMILY = 4;
				WATCHOS_DEPLOYMENT_TARGET = 8.4;
			};
			name = Debug;
		};
		0F0F7F03286781C10052EF85 /* Release */ = {
			isa = XCBuildConfiguration;
			buildSettings = {
				ALWAYS_EMBED_SWIFT_STANDARD_LIBRARIES = YES;
				ASSETCATALOG_COMPILER_APPICON_NAME = AppIcon;
				ASSETCATALOG_COMPILER_GLOBAL_ACCENT_COLOR_NAME = AccentColor;
				CODE_SIGN_STYLE = Automatic;
				CURRENT_PROJECT_VERSION = 1;
				DEVELOPMENT_TEAM = 73X37M5BQV;
				GENERATE_INFOPLIST_FILE = YES;
				IBSC_MODULE = HealthKitTest_WatchKit_Extension;
				INFOPLIST_KEY_CFBundleDisplayName = "HealthKitTest WatchKit App";
				INFOPLIST_KEY_UISupportedInterfaceOrientations = "UIInterfaceOrientationPortrait UIInterfaceOrientationPortraitUpsideDown";
				MARKETING_VERSION = 1.0;
				PRODUCT_BUNDLE_IDENTIFIER = dev.travisbrigman.HealthKitTest.watchkitapp;
				PRODUCT_NAME = "$(TARGET_NAME)";
				SDKROOT = watchos;
				SKIP_INSTALL = YES;
				SWIFT_EMIT_LOC_STRINGS = YES;
				SWIFT_VERSION = 5.0;
				TARGETED_DEVICE_FAMILY = 4;
				WATCHOS_DEPLOYMENT_TARGET = 8.4;
			};
			name = Release;
		};
		0F0F7F06286781C10052EF85 /* Debug */ = {
			isa = XCBuildConfiguration;
			buildSettings = {
				CODE_SIGN_STYLE = Automatic;
				CURRENT_PROJECT_VERSION = 1;
				DEVELOPMENT_TEAM = 73X37M5BQV;
				MARKETING_VERSION = 1.0;
				PRODUCT_BUNDLE_IDENTIFIER = dev.travisbrigman.HealthKitTest;
				PRODUCT_NAME = "$(TARGET_NAME)";
				SWIFT_VERSION = 5.0;
			};
			name = Debug;
		};
		0F0F7F07286781C10052EF85 /* Release */ = {
			isa = XCBuildConfiguration;
			buildSettings = {
				CODE_SIGN_STYLE = Automatic;
				CURRENT_PROJECT_VERSION = 1;
				DEVELOPMENT_TEAM = 73X37M5BQV;
				MARKETING_VERSION = 1.0;
				PRODUCT_BUNDLE_IDENTIFIER = dev.travisbrigman.HealthKitTest;
				PRODUCT_NAME = "$(TARGET_NAME)";
				SWIFT_VERSION = 5.0;
			};
			name = Release;
		};
/* End XCBuildConfiguration section */

/* Begin XCConfigurationList section */
		0F0F7ED8286781BC0052EF85 /* Build configuration list for PBXProject "HealthKitTest" */ = {
			isa = XCConfigurationList;
			buildConfigurations = (
				0F0F7EFB286781C10052EF85 /* Debug */,
				0F0F7EFC286781C10052EF85 /* Release */,
			);
			defaultConfigurationIsVisible = 0;
			defaultConfigurationName = Release;
		};
		0F0F7EFD286781C10052EF85 /* Build configuration list for PBXNativeTarget "HealthKitTest WatchKit Extension" */ = {
			isa = XCConfigurationList;
			buildConfigurations = (
				0F0F7EFE286781C10052EF85 /* Debug */,
				0F0F7EFF286781C10052EF85 /* Release */,
			);
			defaultConfigurationIsVisible = 0;
			defaultConfigurationName = Release;
		};
		0F0F7F01286781C10052EF85 /* Build configuration list for PBXNativeTarget "HealthKitTest WatchKit App" */ = {
			isa = XCConfigurationList;
			buildConfigurations = (
				0F0F7F02286781C10052EF85 /* Debug */,
				0F0F7F03286781C10052EF85 /* Release */,
			);
			defaultConfigurationIsVisible = 0;
			defaultConfigurationName = Release;
		};
		0F0F7F05286781C10052EF85 /* Build configuration list for PBXNativeTarget "HealthKitTest" */ = {
			isa = XCConfigurationList;
			buildConfigurations = (
				0F0F7F06286781C10052EF85 /* Debug */,
				0F0F7F07286781C10052EF85 /* Release */,
			);
			defaultConfigurationIsVisible = 0;
			defaultConfigurationName = Release;
		};
/* End XCConfigurationList section */
	};
	rootObject = 0F0F7ED5286781BC0052EF85 /* Project object */;
}
